dependencies:
  idf:
    source:
      type: idf
    version: 5.3.1
  ublox_m8u_hnr:
    dependencies: []
    source:
      path: /home/pc/repo/transtrack/ublox_m8u_hnr
      type: local
    version: '*'
direct_dependencies:
- ublox_m8u_hnr
manifest_hash: 9275bf752b00a7e41a76e82353e99a7d629baeedd154763fde473b4009acf638
target: esp32s3
version: 2.0.0
